
Microsoft Visual Studio Solution File, Format Version 12.00
# Visual Studio 14
VisualStudioVersion = 14.0.25420.1
MinimumVisualStudioVersion = 10.0.40219.1
Project("{FAE04EC0-301F-11D3-BF4B-00C04F79EFBC}") = "CILantro.UI.ConsoleUI", "CILantro.UI.ConsoleUI\CILantro.UI.ConsoleUI.csproj", "{83671A19-CE28-4BAA-AB05-D8AAA9986BD8}"
EndProject
Project("{FAE04EC0-301F-11D3-BF4B-00C04F79EFBC}") = "CILantro.Helpers", "CILantro.Helpers\CILantro.Helpers.csproj", "{F5AB6C5F-7218-4D6A-8D3F-69EE00498D7D}"
EndProject
Project("{FAE04EC0-301F-11D3-BF4B-00C04F79EFBC}") = "CILantro.Engine", "CILantro.Engine\CILantro.Engine.csproj", "{D77DAE3E-5CB7-4FF0-9EF1-00AA3C76FA8D}"
EndProject
Project("{FAE04EC0-301F-11D3-BF4B-00C04F79EFBC}") = "CILantro.Engine.Parser", "CILantro.Engine.Parser\CILantro.Engine.Parser.csproj", "{7635E0B6-4C0D-4BEC-A5AF-DFD2A8F978B5}"
EndProject
Project("{FAE04EC0-301F-11D3-BF4B-00C04F79EFBC}") = "CILantro.Engine.Interpreter", "CILantro.Engine.Interpreter\CILantro.Engine.Interpreter.csproj", "{72E0F5A3-2BAA-44F2-9444-481DD1FE6E57}"
EndProject
Project("{2150E333-8FDC-42A3-9474-1A3956D46DE8}") = "Tests", "Tests", "{A400AD03-76CE-4FAB-844C-81C180CB16BF}"
EndProject
Project("{FAE04EC0-301F-11D3-BF4B-00C04F79EFBC}") = "CILantro.Engine.Interpreter.Tests", "CILantro.Engine.Interpreter.Tests\CILantro.Engine.Interpreter.Tests.csproj", "{A143FD0F-31C2-4BBE-B01E-9E8B9CFBD48E}"
EndProject
Global
	GlobalSection(SolutionConfigurationPlatforms) = preSolution
		Debug|Any CPU = Debug|Any CPU
		Release|Any CPU = Release|Any CPU
	EndGlobalSection
	GlobalSection(ProjectConfigurationPlatforms) = postSolution
		{83671A19-CE28-4BAA-AB05-D8AAA9986BD8}.Debug|Any CPU.ActiveCfg = Debug|Any CPU
		{83671A19-CE28-4BAA-AB05-D8AAA9986BD8}.Debug|Any CPU.Build.0 = Debug|Any CPU
		{83671A19-CE28-4BAA-AB05-D8AAA9986BD8}.Release|Any CPU.ActiveCfg = Release|Any CPU
		{83671A19-CE28-4BAA-AB05-D8AAA9986BD8}.Release|Any CPU.Build.0 = Release|Any CPU
		{F5AB6C5F-7218-4D6A-8D3F-69EE00498D7D}.Debug|Any CPU.ActiveCfg = Debug|Any CPU
		{F5AB6C5F-7218-4D6A-8D3F-69EE00498D7D}.Debug|Any CPU.Build.0 = Debug|Any CPU
		{F5AB6C5F-7218-4D6A-8D3F-69EE00498D7D}.Release|Any CPU.ActiveCfg = Release|Any CPU
		{F5AB6C5F-7218-4D6A-8D3F-69EE00498D7D}.Release|Any CPU.Build.0 = Release|Any CPU
		{D77DAE3E-5CB7-4FF0-9EF1-00AA3C76FA8D}.Debug|Any CPU.ActiveCfg = Debug|Any CPU
		{D77DAE3E-5CB7-4FF0-9EF1-00AA3C76FA8D}.Debug|Any CPU.Build.0 = Debug|Any CPU
		{D77DAE3E-5CB7-4FF0-9EF1-00AA3C76FA8D}.Release|Any CPU.ActiveCfg = Release|Any CPU
		{D77DAE3E-5CB7-4FF0-9EF1-00AA3C76FA8D}.Release|Any CPU.Build.0 = Release|Any CPU
		{7635E0B6-4C0D-4BEC-A5AF-DFD2A8F978B5}.Debug|Any CPU.ActiveCfg = Debug|Any CPU
		{7635E0B6-4C0D-4BEC-A5AF-DFD2A8F978B5}.Debug|Any CPU.Build.0 = Debug|Any CPU
		{7635E0B6-4C0D-4BEC-A5AF-DFD2A8F978B5}.Release|Any CPU.ActiveCfg = Release|Any CPU
		{7635E0B6-4C0D-4BEC-A5AF-DFD2A8F978B5}.Release|Any CPU.Build.0 = Release|Any CPU
		{72E0F5A3-2BAA-44F2-9444-481DD1FE6E57}.Debug|Any CPU.ActiveCfg = Debug|Any CPU
		{72E0F5A3-2BAA-44F2-9444-481DD1FE6E57}.Debug|Any CPU.Build.0 = Debug|Any CPU
		{72E0F5A3-2BAA-44F2-9444-481DD1FE6E57}.Release|Any CPU.ActiveCfg = Release|Any CPU
		{72E0F5A3-2BAA-44F2-9444-481DD1FE6E57}.Release|Any CPU.Build.0 = Release|Any CPU
		{A143FD0F-31C2-4BBE-B01E-9E8B9CFBD48E}.Debug|Any CPU.ActiveCfg = Debug|Any CPU
		{A143FD0F-31C2-4BBE-B01E-9E8B9CFBD48E}.Debug|Any CPU.Build.0 = Debug|Any CPU
		{A143FD0F-31C2-4BBE-B01E-9E8B9CFBD48E}.Release|Any CPU.ActiveCfg = Release|Any CPU
		{A143FD0F-31C2-4BBE-B01E-9E8B9CFBD48E}.Release|Any CPU.Build.0 = Release|Any CPU
	EndGlobalSection
	GlobalSection(SolutionProperties) = preSolution
		HideSolutionNode = FALSE
	EndGlobalSection
	GlobalSection(NestedProjects) = preSolution
		{A143FD0F-31C2-4BBE-B01E-9E8B9CFBD48E} = {A400AD03-76CE-4FAB-844C-81C180CB16BF}
	EndGlobalSection
EndGlobal
