
Microsoft Visual Studio Solution File, Format Version 12.00
# Visual Studio 14
VisualStudioVersion = 14.0.25420.1
MinimumVisualStudioVersion = 10.0.40219.1
Project("{FAE04EC0-301F-11D3-BF4B-00C04F79EFBC}") = "CILantro.UI.ConsoleUI", "CILantro.UI.ConsoleUI\CILantro.UI.ConsoleUI.csproj", "{83671A19-CE28-4BAA-AB05-D8AAA9986BD8}"
EndProject
Project("{FAE04EC0-301F-11D3-BF4B-00C04F79EFBC}") = "CILantro.Helpers", "CILantro.Helpers\CILantro.Helpers.csproj", "{F5AB6C5F-7218-4D6A-8D3F-69EE00498D7D}"
EndProject
Project("{FAE04EC0-301F-11D3-BF4B-00C04F79EFBC}") = "CILantro.Engine.Lexer", "CILantro.Engine.Lexer\CILantro.Engine.Lexer.csproj", "{86F814F6-C0D7-445A-9426-73CF6FF87AF6}"
EndProject
Global
	GlobalSection(SolutionConfigurationPlatforms) = preSolution
		Debug|Any CPU = Debug|Any CPU
		Release|Any CPU = Release|Any CPU
	EndGlobalSection
	GlobalSection(ProjectConfigurationPlatforms) = postSolution
		{83671A19-CE28-4BAA-AB05-D8AAA9986BD8}.Debug|Any CPU.ActiveCfg = Debug|Any CPU
		{83671A19-CE28-4BAA-AB05-D8AAA9986BD8}.Debug|Any CPU.Build.0 = Debug|Any CPU
		{83671A19-CE28-4BAA-AB05-D8AAA9986BD8}.Release|Any CPU.ActiveCfg = Release|Any CPU
		{83671A19-CE28-4BAA-AB05-D8AAA9986BD8}.Release|Any CPU.Build.0 = Release|Any CPU
		{F5AB6C5F-7218-4D6A-8D3F-69EE00498D7D}.Debug|Any CPU.ActiveCfg = Debug|Any CPU
		{F5AB6C5F-7218-4D6A-8D3F-69EE00498D7D}.Debug|Any CPU.Build.0 = Debug|Any CPU
		{F5AB6C5F-7218-4D6A-8D3F-69EE00498D7D}.Release|Any CPU.ActiveCfg = Release|Any CPU
		{F5AB6C5F-7218-4D6A-8D3F-69EE00498D7D}.Release|Any CPU.Build.0 = Release|Any CPU
		{86F814F6-C0D7-445A-9426-73CF6FF87AF6}.Debug|Any CPU.ActiveCfg = Debug|Any CPU
		{86F814F6-C0D7-445A-9426-73CF6FF87AF6}.Debug|Any CPU.Build.0 = Debug|Any CPU
		{86F814F6-C0D7-445A-9426-73CF6FF87AF6}.Release|Any CPU.ActiveCfg = Release|Any CPU
		{86F814F6-C0D7-445A-9426-73CF6FF87AF6}.Release|Any CPU.Build.0 = Release|Any CPU
	EndGlobalSection
	GlobalSection(SolutionProperties) = preSolution
		HideSolutionNode = FALSE
	EndGlobalSection
EndGlobal
